
Microsoft Visual Studio Solution File, Format Version 12.00
# Visual Studio Version 17
VisualStudioVersion = 17.3.32901.215
MinimumVisualStudioVersion = 10.0.40219.1
Project("{9A19103F-16F7-4668-BE54-9A1E7A4F7556}") = "Megumin.Remote", "Megumin.Remote\Megumin.Remote.csproj", "{91932506-F6C9-481A-B6CF-CDE7ADF2F38B}"
EndProject
Project("{9A19103F-16F7-4668-BE54-9A1E7A4F7556}") = "NetRemoteStandard", "NetRemoteStandard\NetRemoteStandard.csproj", "{BFE44004-0D60-458B-9F0C-889EF37392D0}"
EndProject
Project("{2150E333-8FDC-42A3-9474-1A3956D46DE8}") = "Remote", "Remote", "{11023560-B423-48FB-AFF2-844A97AB0EE0}"
EndProject
Project("{9A19103F-16F7-4668-BE54-9A1E7A4F7556}") = "AsyncTest", "AsyncTest\AsyncTest.csproj", "{500CF6C1-564D-4586-866D-D7F1FB835B8B}"
EndProject
Project("{2150E333-8FDC-42A3-9474-1A3956D46DE8}") = "Test", "Test", "{2A6DEB76-A580-4336-866D-176E7E928071}"
EndProject
Project("{9A19103F-16F7-4668-BE54-9A1E7A4F7556}") = "DCSContainer", "DCSContainer\DCSContainer.csproj", "{D74E510B-F3E4-499E-8347-C6230C8B2E40}"
EndProject
Project("{9A19103F-16F7-4668-BE54-9A1E7A4F7556}") = "MessagePackLUT", "MessagePackLUT\MessagePackLUT.csproj", "{995E3302-E28F-4D70-BD75-5943C94B6796}"
EndProject
Project("{9A19103F-16F7-4668-BE54-9A1E7A4F7556}") = "ProtobufLUT", "ProtobufLUT\ProtobufLUT.csproj", "{02202D3A-EA4B-4669-8D3E-8DEC8B2C7342}"
EndProject
Project("{9A19103F-16F7-4668-BE54-9A1E7A4F7556}") = "Protobuf-netLUT", "Protobuf-netLUT\Protobuf-netLUT.csproj", "{89F3A08C-19C0-4747-90F7-B5CC295C8E51}"
EndProject
Project("{2150E333-8FDC-42A3-9474-1A3956D46DE8}") = "Message", "Message", "{653C9B30-C2B8-4F3D-B47F-52A92C179C81}"
EndProject
Project("{9A19103F-16F7-4668-BE54-9A1E7A4F7556}") = "MessageStandard", "MessageStandard\MessageStandard.csproj", "{9AC83E99-E45B-4966-A7B5-866DC8E83D8B}"
EndProject
Project("{9A19103F-16F7-4668-BE54-9A1E7A4F7556}") = "UnitTest", "UnitTest\UnitTest.csproj", "{0A318D2C-7881-4B64-B5A6-EFCBABC7F6F8}"
EndProject
Project("{9A19103F-16F7-4668-BE54-9A1E7A4F7556}") = "TestMessages", "TestMessages\TestMessages.csproj", "{286AA213-0E24-4A86-8B21-9150662B3589}"
EndProject
Project("{9A19103F-16F7-4668-BE54-9A1E7A4F7556}") = "DemoClient", "DemoClient\DemoClient.csproj", "{7EECBB9E-7B6D-431F-AEE9-EEE66A8FD8CB}"
EndProject
Project("{9A19103F-16F7-4668-BE54-9A1E7A4F7556}") = "DemoServer", "DemoServer\DemoServer.csproj", "{9E48CE88-B054-40BD-B029-FF59C895B68D}"
EndProject
Project("{9A19103F-16F7-4668-BE54-9A1E7A4F7556}") = "TestServer", "TestServer\TestServer.csproj", "{A5B84557-D06D-40E5-881F-CFCA567C54D6}"
EndProject
Project("{9A19103F-16F7-4668-BE54-9A1E7A4F7556}") = "TestClient", "TestClient\TestClient.csproj", "{88D3CD94-78B8-4ABC-B34A-BDF40922CC22}"
EndProject
Project("{9A19103F-16F7-4668-BE54-9A1E7A4F7556}") = "TestWPF", "TestWPF\TestWPF.csproj", "{83C11E60-8F80-4EDD-8858-B9C483530D49}"
EndProject
Project("{9A19103F-16F7-4668-BE54-9A1E7A4F7556}") = "SocketTest", "SocketTest\SocketTest.csproj", "{877AA222-1BE0-4486-B347-4B2C0050FABB}"
EndProject
Project("{9A19103F-16F7-4668-BE54-9A1E7A4F7556}") = "UPNPTest", "UPNPTest\UPNPTest.csproj", "{6382BDD0-6374-48DD-B721-FF002986CE2B}"
EndProject
Global
	GlobalSection(SolutionConfigurationPlatforms) = preSolution
		Debug|Any CPU = Debug|Any CPU
		Release|Any CPU = Release|Any CPU
	EndGlobalSection
	GlobalSection(ProjectConfigurationPlatforms) = postSolution
		{91932506-F6C9-481A-B6CF-CDE7ADF2F38B}.Debug|Any CPU.ActiveCfg = Debug|Any CPU
		{91932506-F6C9-481A-B6CF-CDE7ADF2F38B}.Debug|Any CPU.Build.0 = Debug|Any CPU
		{91932506-F6C9-481A-B6CF-CDE7ADF2F38B}.Release|Any CPU.ActiveCfg = Release|Any CPU
		{91932506-F6C9-481A-B6CF-CDE7ADF2F38B}.Release|Any CPU.Build.0 = Release|Any CPU
		{BFE44004-0D60-458B-9F0C-889EF37392D0}.Debug|Any CPU.ActiveCfg = Debug|Any CPU
		{BFE44004-0D60-458B-9F0C-889EF37392D0}.Debug|Any CPU.Build.0 = Debug|Any CPU
		{BFE44004-0D60-458B-9F0C-889EF37392D0}.Release|Any CPU.ActiveCfg = Release|Any CPU
		{BFE44004-0D60-458B-9F0C-889EF37392D0}.Release|Any CPU.Build.0 = Release|Any CPU
		{500CF6C1-564D-4586-866D-D7F1FB835B8B}.Debug|Any CPU.ActiveCfg = Debug|Any CPU
		{500CF6C1-564D-4586-866D-D7F1FB835B8B}.Debug|Any CPU.Build.0 = Debug|Any CPU
		{500CF6C1-564D-4586-866D-D7F1FB835B8B}.Release|Any CPU.ActiveCfg = Release|Any CPU
		{500CF6C1-564D-4586-866D-D7F1FB835B8B}.Release|Any CPU.Build.0 = Release|Any CPU
		{D74E510B-F3E4-499E-8347-C6230C8B2E40}.Debug|Any CPU.ActiveCfg = Debug|Any CPU
		{D74E510B-F3E4-499E-8347-C6230C8B2E40}.Debug|Any CPU.Build.0 = Debug|Any CPU
		{D74E510B-F3E4-499E-8347-C6230C8B2E40}.Release|Any CPU.ActiveCfg = Release|Any CPU
		{D74E510B-F3E4-499E-8347-C6230C8B2E40}.Release|Any CPU.Build.0 = Release|Any CPU
		{995E3302-E28F-4D70-BD75-5943C94B6796}.Debug|Any CPU.ActiveCfg = Debug|Any CPU
		{995E3302-E28F-4D70-BD75-5943C94B6796}.Debug|Any CPU.Build.0 = Debug|Any CPU
		{995E3302-E28F-4D70-BD75-5943C94B6796}.Release|Any CPU.ActiveCfg = Release|Any CPU
		{995E3302-E28F-4D70-BD75-5943C94B6796}.Release|Any CPU.Build.0 = Release|Any CPU
		{02202D3A-EA4B-4669-8D3E-8DEC8B2C7342}.Debug|Any CPU.ActiveCfg = Debug|Any CPU
		{02202D3A-EA4B-4669-8D3E-8DEC8B2C7342}.Debug|Any CPU.Build.0 = Debug|Any CPU
		{02202D3A-EA4B-4669-8D3E-8DEC8B2C7342}.Release|Any CPU.ActiveCfg = Release|Any CPU
		{02202D3A-EA4B-4669-8D3E-8DEC8B2C7342}.Release|Any CPU.Build.0 = Release|Any CPU
		{89F3A08C-19C0-4747-90F7-B5CC295C8E51}.Debug|Any CPU.ActiveCfg = Debug|Any CPU
		{89F3A08C-19C0-4747-90F7-B5CC295C8E51}.Debug|Any CPU.Build.0 = Debug|Any CPU
		{89F3A08C-19C0-4747-90F7-B5CC295C8E51}.Release|Any CPU.ActiveCfg = Release|Any CPU
		{89F3A08C-19C0-4747-90F7-B5CC295C8E51}.Release|Any CPU.Build.0 = Release|Any CPU
		{9AC83E99-E45B-4966-A7B5-866DC8E83D8B}.Debug|Any CPU.ActiveCfg = Debug|Any CPU
		{9AC83E99-E45B-4966-A7B5-866DC8E83D8B}.Debug|Any CPU.Build.0 = Debug|Any CPU
		{9AC83E99-E45B-4966-A7B5-866DC8E83D8B}.Release|Any CPU.ActiveCfg = Release|Any CPU
		{9AC83E99-E45B-4966-A7B5-866DC8E83D8B}.Release|Any CPU.Build.0 = Release|Any CPU
		{0A318D2C-7881-4B64-B5A6-EFCBABC7F6F8}.Debug|Any CPU.ActiveCfg = Debug|Any CPU
		{0A318D2C-7881-4B64-B5A6-EFCBABC7F6F8}.Debug|Any CPU.Build.0 = Debug|Any CPU
		{0A318D2C-7881-4B64-B5A6-EFCBABC7F6F8}.Release|Any CPU.ActiveCfg = Release|Any CPU
		{0A318D2C-7881-4B64-B5A6-EFCBABC7F6F8}.Release|Any CPU.Build.0 = Release|Any CPU
		{286AA213-0E24-4A86-8B21-9150662B3589}.Debug|Any CPU.ActiveCfg = Debug|Any CPU
		{286AA213-0E24-4A86-8B21-9150662B3589}.Debug|Any CPU.Build.0 = Debug|Any CPU
		{286AA213-0E24-4A86-8B21-9150662B3589}.Release|Any CPU.ActiveCfg = Release|Any CPU
		{286AA213-0E24-4A86-8B21-9150662B3589}.Release|Any CPU.Build.0 = Release|Any CPU
		{7EECBB9E-7B6D-431F-AEE9-EEE66A8FD8CB}.Debug|Any CPU.ActiveCfg = Debug|Any CPU
		{7EECBB9E-7B6D-431F-AEE9-EEE66A8FD8CB}.Debug|Any CPU.Build.0 = Debug|Any CPU
		{7EECBB9E-7B6D-431F-AEE9-EEE66A8FD8CB}.Release|Any CPU.ActiveCfg = Release|Any CPU
		{7EECBB9E-7B6D-431F-AEE9-EEE66A8FD8CB}.Release|Any CPU.Build.0 = Release|Any CPU
		{9E48CE88-B054-40BD-B029-FF59C895B68D}.Debug|Any CPU.ActiveCfg = Debug|Any CPU
		{9E48CE88-B054-40BD-B029-FF59C895B68D}.Debug|Any CPU.Build.0 = Debug|Any CPU
		{9E48CE88-B054-40BD-B029-FF59C895B68D}.Release|Any CPU.ActiveCfg = Release|Any CPU
		{9E48CE88-B054-40BD-B029-FF59C895B68D}.Release|Any CPU.Build.0 = Release|Any CPU
		{A5B84557-D06D-40E5-881F-CFCA567C54D6}.Debug|Any CPU.ActiveCfg = Debug|Any CPU
		{A5B84557-D06D-40E5-881F-CFCA567C54D6}.Debug|Any CPU.Build.0 = Debug|Any CPU
		{A5B84557-D06D-40E5-881F-CFCA567C54D6}.Release|Any CPU.ActiveCfg = Release|Any CPU
		{A5B84557-D06D-40E5-881F-CFCA567C54D6}.Release|Any CPU.Build.0 = Release|Any CPU
		{88D3CD94-78B8-4ABC-B34A-BDF40922CC22}.Debug|Any CPU.ActiveCfg = Debug|Any CPU
		{88D3CD94-78B8-4ABC-B34A-BDF40922CC22}.Debug|Any CPU.Build.0 = Debug|Any CPU
		{88D3CD94-78B8-4ABC-B34A-BDF40922CC22}.Release|Any CPU.ActiveCfg = Release|Any CPU
		{88D3CD94-78B8-4ABC-B34A-BDF40922CC22}.Release|Any CPU.Build.0 = Release|Any CPU
		{83C11E60-8F80-4EDD-8858-B9C483530D49}.Debug|Any CPU.ActiveCfg = Debug|Any CPU
		{83C11E60-8F80-4EDD-8858-B9C483530D49}.Debug|Any CPU.Build.0 = Debug|Any CPU
		{83C11E60-8F80-4EDD-8858-B9C483530D49}.Release|Any CPU.ActiveCfg = Release|Any CPU
		{83C11E60-8F80-4EDD-8858-B9C483530D49}.Release|Any CPU.Build.0 = Release|Any CPU
		{877AA222-1BE0-4486-B347-4B2C0050FABB}.Debug|Any CPU.ActiveCfg = Debug|Any CPU
		{877AA222-1BE0-4486-B347-4B2C0050FABB}.Debug|Any CPU.Build.0 = Debug|Any CPU
		{877AA222-1BE0-4486-B347-4B2C0050FABB}.Release|Any CPU.ActiveCfg = Release|Any CPU
		{877AA222-1BE0-4486-B347-4B2C0050FABB}.Release|Any CPU.Build.0 = Release|Any CPU
		{6382BDD0-6374-48DD-B721-FF002986CE2B}.Debug|Any CPU.ActiveCfg = Debug|Any CPU
		{6382BDD0-6374-48DD-B721-FF002986CE2B}.Debug|Any CPU.Build.0 = Debug|Any CPU
		{6382BDD0-6374-48DD-B721-FF002986CE2B}.Release|Any CPU.ActiveCfg = Release|Any CPU
		{6382BDD0-6374-48DD-B721-FF002986CE2B}.Release|Any CPU.Build.0 = Release|Any CPU
	EndGlobalSection
	GlobalSection(SolutionProperties) = preSolution
		HideSolutionNode = FALSE
	EndGlobalSection
	GlobalSection(NestedProjects) = preSolution
		{91932506-F6C9-481A-B6CF-CDE7ADF2F38B} = {11023560-B423-48FB-AFF2-844A97AB0EE0}
		{BFE44004-0D60-458B-9F0C-889EF37392D0} = {11023560-B423-48FB-AFF2-844A97AB0EE0}
		{500CF6C1-564D-4586-866D-D7F1FB835B8B} = {2A6DEB76-A580-4336-866D-176E7E928071}
		{D74E510B-F3E4-499E-8347-C6230C8B2E40} = {2A6DEB76-A580-4336-866D-176E7E928071}
		{995E3302-E28F-4D70-BD75-5943C94B6796} = {653C9B30-C2B8-4F3D-B47F-52A92C179C81}
		{02202D3A-EA4B-4669-8D3E-8DEC8B2C7342} = {653C9B30-C2B8-4F3D-B47F-52A92C179C81}
		{89F3A08C-19C0-4747-90F7-B5CC295C8E51} = {653C9B30-C2B8-4F3D-B47F-52A92C179C81}
		{9AC83E99-E45B-4966-A7B5-866DC8E83D8B} = {653C9B30-C2B8-4F3D-B47F-52A92C179C81}
		{0A318D2C-7881-4B64-B5A6-EFCBABC7F6F8} = {2A6DEB76-A580-4336-866D-176E7E928071}
		{286AA213-0E24-4A86-8B21-9150662B3589} = {2A6DEB76-A580-4336-866D-176E7E928071}
		{7EECBB9E-7B6D-431F-AEE9-EEE66A8FD8CB} = {2A6DEB76-A580-4336-866D-176E7E928071}
		{9E48CE88-B054-40BD-B029-FF59C895B68D} = {2A6DEB76-A580-4336-866D-176E7E928071}
		{A5B84557-D06D-40E5-881F-CFCA567C54D6} = {2A6DEB76-A580-4336-866D-176E7E928071}
		{88D3CD94-78B8-4ABC-B34A-BDF40922CC22} = {2A6DEB76-A580-4336-866D-176E7E928071}
		{83C11E60-8F80-4EDD-8858-B9C483530D49} = {2A6DEB76-A580-4336-866D-176E7E928071}
		{877AA222-1BE0-4486-B347-4B2C0050FABB} = {2A6DEB76-A580-4336-866D-176E7E928071}
		{6382BDD0-6374-48DD-B721-FF002986CE2B} = {2A6DEB76-A580-4336-866D-176E7E928071}
	EndGlobalSection
	GlobalSection(ExtensibilityGlobals) = postSolution
		SolutionGuid = {B793D369-B577-4DEE-89F7-9222CA0B98CD}
	EndGlobalSection
	GlobalSection(Performance) = preSolution
		HasPerformanceSessions = true
	EndGlobalSection
	GlobalSection(Performance) = preSolution
		HasPerformanceSessions = true
	EndGlobalSection
EndGlobal
